
Microsoft Visual Studio Solution File, Format Version 12.00
# Visual Studio Version 17
VisualStudioVersion = 17.5.33530.505
MinimumVisualStudioVersion = 10.0.40219.1
Project("{FAE04EC0-301F-11D3-BF4B-00C04F79EFBC}") = "GUIAPRACTICASEMANA14", "GUIAPRACTICASEMANA14.csproj", "{ACF8A601-4746-4383-B80B-64DC55F181C1}"
EndProject
Global
	GlobalSection(SolutionConfigurationPlatforms) = preSolution
		Debug|Any CPU = Debug|Any CPU
		Release|Any CPU = Release|Any CPU
	EndGlobalSection
	GlobalSection(ProjectConfigurationPlatforms) = postSolution
		{ACF8A601-4746-4383-B80B-64DC55F181C1}.Debug|Any CPU.ActiveCfg = Debug|Any CPU
		{ACF8A601-4746-4383-B80B-64DC55F181C1}.Debug|Any CPU.Build.0 = Debug|Any CPU
		{ACF8A601-4746-4383-B80B-64DC55F181C1}.Release|Any CPU.ActiveCfg = Release|Any CPU
		{ACF8A601-4746-4383-B80B-64DC55F181C1}.Release|Any CPU.Build.0 = Release|Any CPU
	EndGlobalSection
	GlobalSection(SolutionProperties) = preSolution
		HideSolutionNode = FALSE
	EndGlobalSection
	GlobalSection(ExtensibilityGlobals) = postSolution
		SolutionGuid = {687C4B6E-719C-4478-AC6E-B14FEDCBD383}
	EndGlobalSection
EndGlobal
